{
  "requires": true,
  "lockfileVersion": 1,
  "dependencies": {
    "@types/googlemaps": {
      "version": "3.39.6",
      "resolved": "https://registry.npmjs.org/@types/googlemaps/-/googlemaps-3.39.6.tgz",
      "integrity": "sha512-O2joRmShgUcGBSyjp0pYFIP0Kv3y6jl8UXokEkcTI4D8FinTYsSt8OaHGQ/tI7WUF2eZTXKVJg6jQuEQS4d30w=="
    }
  }
}
